
Microsoft Visual Studio Solution File, Format Version 12.00
# Visual Studio Version 17
VisualStudioVersion = 17.5.33516.290
MinimumVisualStudioVersion = 10.0.40219.1
Project("{FAE04EC0-301F-11D3-BF4B-00C04F79EFBC}") = "my-books", "my-books\my-books.csproj", "{3FBD35BE-12D9-499A-BE4C-11BAF3EEBE3A}"
EndProject
Global
	GlobalSection(SolutionConfigurationPlatforms) = preSolution
		Debug|Any CPU = Debug|Any CPU
		Release|Any CPU = Release|Any CPU
	EndGlobalSection
	GlobalSection(ProjectConfigurationPlatforms) = postSolution
		{3FBD35BE-12D9-499A-BE4C-11BAF3EEBE3A}.Debug|Any CPU.ActiveCfg = Debug|Any CPU
		{3FBD35BE-12D9-499A-BE4C-11BAF3EEBE3A}.Debug|Any CPU.Build.0 = Debug|Any CPU
		{3FBD35BE-12D9-499A-BE4C-11BAF3EEBE3A}.Release|Any CPU.ActiveCfg = Release|Any CPU
		{3FBD35BE-12D9-499A-BE4C-11BAF3EEBE3A}.Release|Any CPU.Build.0 = Release|Any CPU
	EndGlobalSection
	GlobalSection(SolutionProperties) = preSolution
		HideSolutionNode = FALSE
	EndGlobalSection
	GlobalSection(ExtensibilityGlobals) = postSolution
		SolutionGuid = {D42ED38F-232C-471A-8745-1BEE1E122D78}
	EndGlobalSection
EndGlobal
